
Microsoft Visual Studio Solution File, Format Version 12.00
# Visual Studio 2013
VisualStudioVersion = 12.0.30723.0
MinimumVisualStudioVersion = 10.0.40219.1
Project("{FAE04EC0-301F-11D3-BF4B-00C04F79EFBC}") = "Operations", "Operations\Operations.csproj", "{3C7F897D-AB2D-47F1-965F-12B9D0A3C13F}"
EndProject
Project("{FAE04EC0-301F-11D3-BF4B-00C04F79EFBC}") = "Operations.Tests", "Operations.Tests\Operations.Tests.csproj", "{1E290FA0-710C-4493-9698-E69251F8E28D}"
EndProject
Project("{FAE04EC0-301F-11D3-BF4B-00C04F79EFBC}") = "Excel", "Excel\Excel.csproj", "{4CB0690E-3E7A-497C-9116-D52024F63195}"
EndProject
Project("{FAE04EC0-301F-11D3-BF4B-00C04F79EFBC}") = "FilterPipeline", "FilterPipeline\FilterPipeline.csproj", "{AF3C0B55-5B9E-4B26-9C40-712BA6F8E5F6}"
EndProject
Project("{FAE04EC0-301F-11D3-BF4B-00C04F79EFBC}") = "OfficeHandler", "OfficeHandler\OfficeHandler.csproj", "{50BC382A-58D3-423F-857D-C1D10F24B82D}"
EndProject
Global
	GlobalSection(SolutionConfigurationPlatforms) = preSolution
		Debug|Any CPU = Debug|Any CPU
		MSTEST_DEBUG|Any CPU = MSTEST_DEBUG|Any CPU
		MSTEST_RELEASE|Any CPU = MSTEST_RELEASE|Any CPU
		NUNIT_DEBUG|Any CPU = NUNIT_DEBUG|Any CPU
		NUNIT_RELEASE|Any CPU = NUNIT_RELEASE|Any CPU
		Release|Any CPU = Release|Any CPU
	EndGlobalSection
	GlobalSection(ProjectConfigurationPlatforms) = postSolution
		{3C7F897D-AB2D-47F1-965F-12B9D0A3C13F}.Debug|Any CPU.ActiveCfg = Debug|Any CPU
		{3C7F897D-AB2D-47F1-965F-12B9D0A3C13F}.Debug|Any CPU.Build.0 = Debug|Any CPU
		{3C7F897D-AB2D-47F1-965F-12B9D0A3C13F}.MSTEST_DEBUG|Any CPU.ActiveCfg = Release|Any CPU
		{3C7F897D-AB2D-47F1-965F-12B9D0A3C13F}.MSTEST_DEBUG|Any CPU.Build.0 = Release|Any CPU
		{3C7F897D-AB2D-47F1-965F-12B9D0A3C13F}.MSTEST_RELEASE|Any CPU.ActiveCfg = Release|Any CPU
		{3C7F897D-AB2D-47F1-965F-12B9D0A3C13F}.MSTEST_RELEASE|Any CPU.Build.0 = Release|Any CPU
		{3C7F897D-AB2D-47F1-965F-12B9D0A3C13F}.NUNIT_DEBUG|Any CPU.ActiveCfg = Release|Any CPU
		{3C7F897D-AB2D-47F1-965F-12B9D0A3C13F}.NUNIT_DEBUG|Any CPU.Build.0 = Release|Any CPU
		{3C7F897D-AB2D-47F1-965F-12B9D0A3C13F}.NUNIT_RELEASE|Any CPU.ActiveCfg = Release|Any CPU
		{3C7F897D-AB2D-47F1-965F-12B9D0A3C13F}.NUNIT_RELEASE|Any CPU.Build.0 = Release|Any CPU
		{3C7F897D-AB2D-47F1-965F-12B9D0A3C13F}.Release|Any CPU.ActiveCfg = Release|Any CPU
		{3C7F897D-AB2D-47F1-965F-12B9D0A3C13F}.Release|Any CPU.Build.0 = Release|Any CPU
		{1E290FA0-710C-4493-9698-E69251F8E28D}.Debug|Any CPU.ActiveCfg = Debug|Any CPU
		{1E290FA0-710C-4493-9698-E69251F8E28D}.Debug|Any CPU.Build.0 = Debug|Any CPU
		{1E290FA0-710C-4493-9698-E69251F8E28D}.MSTEST_DEBUG|Any CPU.ActiveCfg = Release|Any CPU
		{1E290FA0-710C-4493-9698-E69251F8E28D}.MSTEST_DEBUG|Any CPU.Build.0 = Release|Any CPU
		{1E290FA0-710C-4493-9698-E69251F8E28D}.MSTEST_RELEASE|Any CPU.ActiveCfg = Release|Any CPU
		{1E290FA0-710C-4493-9698-E69251F8E28D}.MSTEST_RELEASE|Any CPU.Build.0 = Release|Any CPU
		{1E290FA0-710C-4493-9698-E69251F8E28D}.NUNIT_DEBUG|Any CPU.ActiveCfg = Release|Any CPU
		{1E290FA0-710C-4493-9698-E69251F8E28D}.NUNIT_DEBUG|Any CPU.Build.0 = Release|Any CPU
		{1E290FA0-710C-4493-9698-E69251F8E28D}.NUNIT_RELEASE|Any CPU.ActiveCfg = Release|Any CPU
		{1E290FA0-710C-4493-9698-E69251F8E28D}.NUNIT_RELEASE|Any CPU.Build.0 = Release|Any CPU
		{1E290FA0-710C-4493-9698-E69251F8E28D}.Release|Any CPU.ActiveCfg = Release|Any CPU
		{1E290FA0-710C-4493-9698-E69251F8E28D}.Release|Any CPU.Build.0 = Release|Any CPU
		{4CB0690E-3E7A-497C-9116-D52024F63195}.Debug|Any CPU.ActiveCfg = Debug|Any CPU
		{4CB0690E-3E7A-497C-9116-D52024F63195}.Debug|Any CPU.Build.0 = Debug|Any CPU
		{4CB0690E-3E7A-497C-9116-D52024F63195}.MSTEST_DEBUG|Any CPU.ActiveCfg = MSTEST_DEBUG|Any CPU
		{4CB0690E-3E7A-497C-9116-D52024F63195}.MSTEST_DEBUG|Any CPU.Build.0 = MSTEST_DEBUG|Any CPU
		{4CB0690E-3E7A-497C-9116-D52024F63195}.MSTEST_RELEASE|Any CPU.ActiveCfg = MSTEST_RELEASE|Any CPU
		{4CB0690E-3E7A-497C-9116-D52024F63195}.MSTEST_RELEASE|Any CPU.Build.0 = MSTEST_RELEASE|Any CPU
		{4CB0690E-3E7A-497C-9116-D52024F63195}.NUNIT_DEBUG|Any CPU.ActiveCfg = NUNIT_DEBUG|Any CPU
		{4CB0690E-3E7A-497C-9116-D52024F63195}.NUNIT_DEBUG|Any CPU.Build.0 = NUNIT_DEBUG|Any CPU
		{4CB0690E-3E7A-497C-9116-D52024F63195}.NUNIT_RELEASE|Any CPU.ActiveCfg = NUNIT_RELEASE|Any CPU
		{4CB0690E-3E7A-497C-9116-D52024F63195}.NUNIT_RELEASE|Any CPU.Build.0 = NUNIT_RELEASE|Any CPU
		{4CB0690E-3E7A-497C-9116-D52024F63195}.Release|Any CPU.ActiveCfg = Release|Any CPU
		{4CB0690E-3E7A-497C-9116-D52024F63195}.Release|Any CPU.Build.0 = Release|Any CPU
		{AF3C0B55-5B9E-4B26-9C40-712BA6F8E5F6}.Debug|Any CPU.ActiveCfg = Debug|Any CPU
		{AF3C0B55-5B9E-4B26-9C40-712BA6F8E5F6}.Debug|Any CPU.Build.0 = Debug|Any CPU
		{AF3C0B55-5B9E-4B26-9C40-712BA6F8E5F6}.MSTEST_DEBUG|Any CPU.ActiveCfg = Release|Any CPU
		{AF3C0B55-5B9E-4B26-9C40-712BA6F8E5F6}.MSTEST_DEBUG|Any CPU.Build.0 = Release|Any CPU
		{AF3C0B55-5B9E-4B26-9C40-712BA6F8E5F6}.MSTEST_RELEASE|Any CPU.ActiveCfg = Release|Any CPU
		{AF3C0B55-5B9E-4B26-9C40-712BA6F8E5F6}.MSTEST_RELEASE|Any CPU.Build.0 = Release|Any CPU
		{AF3C0B55-5B9E-4B26-9C40-712BA6F8E5F6}.NUNIT_DEBUG|Any CPU.ActiveCfg = Release|Any CPU
		{AF3C0B55-5B9E-4B26-9C40-712BA6F8E5F6}.NUNIT_DEBUG|Any CPU.Build.0 = Release|Any CPU
		{AF3C0B55-5B9E-4B26-9C40-712BA6F8E5F6}.NUNIT_RELEASE|Any CPU.ActiveCfg = Release|Any CPU
		{AF3C0B55-5B9E-4B26-9C40-712BA6F8E5F6}.NUNIT_RELEASE|Any CPU.Build.0 = Release|Any CPU
		{AF3C0B55-5B9E-4B26-9C40-712BA6F8E5F6}.Release|Any CPU.ActiveCfg = Release|Any CPU
		{AF3C0B55-5B9E-4B26-9C40-712BA6F8E5F6}.Release|Any CPU.Build.0 = Release|Any CPU
		{50BC382A-58D3-423F-857D-C1D10F24B82D}.Debug|Any CPU.ActiveCfg = Debug|Any CPU
		{50BC382A-58D3-423F-857D-C1D10F24B82D}.Debug|Any CPU.Build.0 = Debug|Any CPU
		{50BC382A-58D3-423F-857D-C1D10F24B82D}.MSTEST_DEBUG|Any CPU.ActiveCfg = Release|Any CPU
		{50BC382A-58D3-423F-857D-C1D10F24B82D}.MSTEST_DEBUG|Any CPU.Build.0 = Release|Any CPU
		{50BC382A-58D3-423F-857D-C1D10F24B82D}.MSTEST_RELEASE|Any CPU.ActiveCfg = Release|Any CPU
		{50BC382A-58D3-423F-857D-C1D10F24B82D}.MSTEST_RELEASE|Any CPU.Build.0 = Release|Any CPU
		{50BC382A-58D3-423F-857D-C1D10F24B82D}.NUNIT_DEBUG|Any CPU.ActiveCfg = Release|Any CPU
		{50BC382A-58D3-423F-857D-C1D10F24B82D}.NUNIT_DEBUG|Any CPU.Build.0 = Release|Any CPU
		{50BC382A-58D3-423F-857D-C1D10F24B82D}.NUNIT_RELEASE|Any CPU.ActiveCfg = Release|Any CPU
		{50BC382A-58D3-423F-857D-C1D10F24B82D}.NUNIT_RELEASE|Any CPU.Build.0 = Release|Any CPU
		{50BC382A-58D3-423F-857D-C1D10F24B82D}.Release|Any CPU.ActiveCfg = Release|Any CPU
		{50BC382A-58D3-423F-857D-C1D10F24B82D}.Release|Any CPU.Build.0 = Release|Any CPU
	EndGlobalSection
	GlobalSection(SolutionProperties) = preSolution
		HideSolutionNode = FALSE
	EndGlobalSection
EndGlobal
