
Microsoft Visual Studio Solution File, Format Version 12.00
# Visual Studio 2013
VisualStudioVersion = 12.0.30723.0
MinimumVisualStudioVersion = 10.0.40219.1
Project("{FAE04EC0-301F-11D3-BF4B-00C04F79EFBC}") = "Operations", "Operations\Operations.csproj", "{3C7F897D-AB2D-47F1-965F-12B9D0A3C13F}"
EndProject
Project("{FAE04EC0-301F-11D3-BF4B-00C04F79EFBC}") = "Operations.Tests", "Operations.Tests\Operations.Tests.csproj", "{1E290FA0-710C-4493-9698-E69251F8E28D}"
EndProject
Global
	GlobalSection(SolutionConfigurationPlatforms) = preSolution
		Debug|Any CPU = Debug|Any CPU
		Release|Any CPU = Release|Any CPU
	EndGlobalSection
	GlobalSection(ProjectConfigurationPlatforms) = postSolution
		{3C7F897D-AB2D-47F1-965F-12B9D0A3C13F}.Debug|Any CPU.ActiveCfg = Debug|Any CPU
		{3C7F897D-AB2D-47F1-965F-12B9D0A3C13F}.Debug|Any CPU.Build.0 = Debug|Any CPU
		{3C7F897D-AB2D-47F1-965F-12B9D0A3C13F}.Release|Any CPU.ActiveCfg = Release|Any CPU
		{3C7F897D-AB2D-47F1-965F-12B9D0A3C13F}.Release|Any CPU.Build.0 = Release|Any CPU
		{1E290FA0-710C-4493-9698-E69251F8E28D}.Debug|Any CPU.ActiveCfg = Debug|Any CPU
		{1E290FA0-710C-4493-9698-E69251F8E28D}.Debug|Any CPU.Build.0 = Debug|Any CPU
		{1E290FA0-710C-4493-9698-E69251F8E28D}.Release|Any CPU.ActiveCfg = Release|Any CPU
		{1E290FA0-710C-4493-9698-E69251F8E28D}.Release|Any CPU.Build.0 = Release|Any CPU
	EndGlobalSection
	GlobalSection(SolutionProperties) = preSolution
		HideSolutionNode = FALSE
	EndGlobalSection
EndGlobal
